
Microsoft Visual Studio Solution File, Format Version 12.00
# Visual Studio Version 16
VisualStudioVersion = 16.0.28803.452
MinimumVisualStudioVersion = 10.0.40219.1
Project("{FAE04EC0-301F-11D3-BF4B-00C04F79EFBC}") = "ListBox", "ListBox\ListBox.csproj", "{646B9887-4E3F-44A9-95E5-5C28DB2243FF}"
EndProject
Global
	GlobalSection(SolutionConfigurationPlatforms) = preSolution
		Debug|Any CPU = Debug|Any CPU
		Release|Any CPU = Release|Any CPU
	EndGlobalSection
	GlobalSection(ProjectConfigurationPlatforms) = postSolution
		{646B9887-4E3F-44A9-95E5-5C28DB2243FF}.Debug|Any CPU.ActiveCfg = Debug|Any CPU
		{646B9887-4E3F-44A9-95E5-5C28DB2243FF}.Debug|Any CPU.Build.0 = Debug|Any CPU
		{646B9887-4E3F-44A9-95E5-5C28DB2243FF}.Release|Any CPU.ActiveCfg = Release|Any CPU
		{646B9887-4E3F-44A9-95E5-5C28DB2243FF}.Release|Any CPU.Build.0 = Release|Any CPU
	EndGlobalSection
	GlobalSection(SolutionProperties) = preSolution
		HideSolutionNode = FALSE
	EndGlobalSection
	GlobalSection(ExtensibilityGlobals) = postSolution
		SolutionGuid = {27C6648E-BEC4-413A-A303-FA157CC7A279}
	EndGlobalSection
EndGlobal
